
Microsoft Visual Studio Solution File, Format Version 12.00
# Visual Studio Version 17
VisualStudioVersion = 17.9.34622.214
MinimumVisualStudioVersion = 10.0.40219.1
Project("{9A19103F-16F7-4668-BE54-9A1E7A4F7556}") = "dtWebApi", "dtWebApi\dtWebApi.csproj", "{19A0608C-2D16-4879-A972-93F3C2EE5890}"
EndProject
Project("{FAE04EC0-301F-11D3-BF4B-00C04F79EFBC}") = "dtMauiAPp", "dtMauiAPp\dtMauiAPp.csproj", "{C14E5770-7C54-427E-8B9E-3FE51E273B5A}"
EndProject
Global
	GlobalSection(SolutionConfigurationPlatforms) = preSolution
		Debug|Any CPU = Debug|Any CPU
		Release|Any CPU = Release|Any CPU
	EndGlobalSection
	GlobalSection(ProjectConfigurationPlatforms) = postSolution
		{19A0608C-2D16-4879-A972-93F3C2EE5890}.Debug|Any CPU.ActiveCfg = Debug|Any CPU
		{19A0608C-2D16-4879-A972-93F3C2EE5890}.Debug|Any CPU.Build.0 = Debug|Any CPU
		{19A0608C-2D16-4879-A972-93F3C2EE5890}.Release|Any CPU.ActiveCfg = Release|Any CPU
		{19A0608C-2D16-4879-A972-93F3C2EE5890}.Release|Any CPU.Build.0 = Release|Any CPU
		{C14E5770-7C54-427E-8B9E-3FE51E273B5A}.Debug|Any CPU.ActiveCfg = Debug|Any CPU
		{C14E5770-7C54-427E-8B9E-3FE51E273B5A}.Debug|Any CPU.Build.0 = Debug|Any CPU
		{C14E5770-7C54-427E-8B9E-3FE51E273B5A}.Debug|Any CPU.Deploy.0 = Debug|Any CPU
		{C14E5770-7C54-427E-8B9E-3FE51E273B5A}.Release|Any CPU.ActiveCfg = Release|Any CPU
		{C14E5770-7C54-427E-8B9E-3FE51E273B5A}.Release|Any CPU.Build.0 = Release|Any CPU
		{C14E5770-7C54-427E-8B9E-3FE51E273B5A}.Release|Any CPU.Deploy.0 = Release|Any CPU
	EndGlobalSection
	GlobalSection(SolutionProperties) = preSolution
		HideSolutionNode = FALSE
	EndGlobalSection
	GlobalSection(ExtensibilityGlobals) = postSolution
		SolutionGuid = {CC46DF34-96AE-4DA1-B414-5E59151591D6}
	EndGlobalSection
EndGlobal
